# This file is automatically @generated by Cargo.
# It is not intended for manual editing.
[[package]]
name = "bft"
version = "0.1.0"
dependencies = [
 "bft_interp 0.1.0",
 "bft_types 0.1.0",
]

[[package]]
name = "bft_interp"
version = "0.1.0"
dependencies = [
 "bft_types 0.1.0",
]

[[package]]
name = "bft_types"
version = "0.1.0"

